{
  "version": 4,
  "terraform_version": "1.4.2",
  "serial": 7,
  "lineage": "e93de481-ae10-989b-5a2f-4e593cec8025",
  "outputs": {},
  "resources": [
    {
      "mode": "data",
      "type": "civo_object_store_credential",
      "name": "bucketstore",
      "provider": "provider[\"registry.terraform.io/civo/civo\"]",
      "instances": [
        {
          "schema_version": 0,
          "attributes": {
            "access_key_id": "V9WNTUH28AOO8U0SUTNM",
            "id": "63836ed5-6041-4234-ac73-0151265b7ab7",
            "name": "bucketstore-server-c6b1-56d458",
            "region": "FRA1",
            "secret_access_key": "d23Hdr8yl1yc7qUaKgSANLE0iGrDhVvUQzroD6wS",
            "status": "ready"
          },
          "sensitive_attributes": []
        }
      ]
    },
    {
      "mode": "data",
      "type": "civo_size",
      "name": "large",
      "provider": "provider[\"registry.terraform.io/civo/civo\"]",
      "instances": [
        {
          "schema_version": 0,
          "attributes": {
            "filter": [
              {
                "all": false,
                "key": "name",
                "match_by": "re",
                "values": [
                  "g3.large"
                ]
              }
            ],
            "id": "terraform-20230409154250929000000001",
            "sizes": [
              {
                "cpu": 4,
                "description": "Large",
                "disk": 100,
                "name": "g3.large",
                "ram": 8192,
                "selectable": true,
                "type": "instance"
              }
            ],
            "sort": null
          },
          "sensitive_attributes": []
        }
      ]
    },
    {
      "mode": "managed",
      "type": "civo_firewall",
      "name": "public_firewall",
      "provider": "provider[\"registry.terraform.io/civo/civo\"]",
      "instances": [
        {
          "schema_version": 0,
          "attributes": {
            "create_default_rules": true,
            "egress_rule": [
              {
                "action": "allow",
                "cidr": [
                  "0.0.0.0/0"
                ],
                "id": "571e4196-9409-4fe3-ba0d-1a105579256b",
                "label": "egress-all",
                "port_range": "1-65535",
                "protocol": "tcp"
              },
              {
                "action": "allow",
                "cidr": [
                  "0.0.0.0/0"
                ],
                "id": "a35ea910-c9d5-4476-a680-28cf53c1dc02",
                "label": "Ping/traceroute",
                "port_range": "",
                "protocol": "icmp"
              },
              {
                "action": "allow",
                "cidr": [
                  "0.0.0.0/0"
                ],
                "id": "b31f37c0-1c0d-461f-982d-a76906b80ba7",
                "label": "All UDP ports open",
                "port_range": "1-65535",
                "protocol": "udp"
              },
              {
                "action": "allow",
                "cidr": [
                  "0.0.0.0/0"
                ],
                "id": "b808b063-bf12-4eda-b1f1-55b442310d3f",
                "label": "All TCP ports open",
                "port_range": "1-65535",
                "protocol": "tcp"
              }
            ],
            "id": "5e5e9429-1cdd-4e87-a9a4-c719e94153cf",
            "ingress_rule": [
              {
                "action": "allow",
                "cidr": [
                  "0.0.0.0/0"
                ],
                "id": "4d20a9b9-1124-45f4-a010-b5b417b01bc5",
                "label": "All UDP ports open",
                "port_range": "1-65535",
                "protocol": "udp"
              },
              {
                "action": "allow",
                "cidr": [
                  "0.0.0.0/0"
                ],
                "id": "71e882d5-6424-41e6-aa4a-c6225eb27505",
                "label": "Ping/traceroute",
                "port_range": "",
                "protocol": "icmp"
              },
              {
                "action": "allow",
                "cidr": [
                  "0.0.0.0/0"
                ],
                "id": "c833151b-d537-408d-8ed5-6ca53e6d92fe",
                "label": "All TCP ports open",
                "port_range": "1-65535",
                "protocol": "tcp"
              }
            ],
            "name": "public_firewall",
            "network_id": "54f50408-b919-4c2e-89cb-ab1c5855b231",
            "region": "FRA1"
          },
          "sensitive_attributes": [],
          "private": "bnVsbA==",
          "dependencies": [
            "civo_network.main_network"
          ]
        }
      ]
    },
    {
      "mode": "managed",
      "type": "civo_network",
      "name": "main_network",
      "provider": "provider[\"registry.terraform.io/civo/civo\"]",
      "instances": [
        {
          "schema_version": 0,
          "attributes": {
            "default": false,
            "id": "54f50408-b919-4c2e-89cb-ab1c5855b231",
            "label": "main_network",
            "name": "cust-main-network-2e25523a-b5d51673d7d9",
            "region": "FRA1"
          },
          "sensitive_attributes": [],
          "private": "bnVsbA=="
        }
      ]
    },
    {
      "mode": "managed",
      "type": "civo_object_store",
      "name": "bucketstore",
      "provider": "provider[\"registry.terraform.io/civo/civo\"]",
      "instances": [
        {
          "schema_version": 0,
          "attributes": {
            "access_key_id": "V9WNTUH28AOO8U0SUTNM",
            "bucket_url": "objectstore.fra1.civo.com",
            "id": "31bf9e57-24b1-4c53-a9bf-003130b09b93",
            "max_size_gb": 500,
            "name": "bucketstore-server",
            "region": "FRA1",
            "status": "ready",
            "timeouts": null
          },
          "sensitive_attributes": [],
          "private": "eyJlMmJmYjczMC1lY2FhLTExZTYtOGY4OC0zNDM2M2JjN2M0YzAiOnsiY3JlYXRlIjoxODAwMDAwMDAwMDAwfX0="
        }
      ]
    },
    {
      "mode": "managed",
      "type": "civo_reserved_ip",
      "name": "gateway",
      "provider": "provider[\"registry.terraform.io/civo/civo\"]",
      "instances": [
        {
          "schema_version": 0,
          "attributes": {
            "id": "0dd65190-609d-4831-8959-76d2fc817476",
            "ip": "74.220.29.201",
            "name": "public_gateway",
            "region": "FRA1"
          },
          "sensitive_attributes": [],
          "private": "bnVsbA=="
        }
      ]
    }
  ],
  "check_results": null
}
