{
  "version": 4,
  "terraform_version": "1.4.2",
  "serial": 10,
  "lineage": "e93de481-ae10-989b-5a2f-4e593cec8025",
  "outputs": {},
  "resources": [
    {
      "mode": "data",
      "type": "civo_object_store_credential",
      "name": "bucketstore",
      "provider": "provider[\"registry.terraform.io/civo/civo\"]",
      "instances": [
        {
          "schema_version": 0,
          "attributes": {
            "access_key_id": "V9WNTUH28AOO8U0SUTNM",
            "id": "63836ed5-6041-4234-ac73-0151265b7ab7",
            "name": "bucketstore-server-c6b1-56d458",
            "region": "FRA1",
            "secret_access_key": "d23Hdr8yl1yc7qUaKgSANLE0iGrDhVvUQzroD6wS",
            "status": "ready"
          },
          "sensitive_attributes": []
        }
      ]
    },
    {
      "mode": "data",
      "type": "civo_size",
      "name": "large",
      "provider": "provider[\"registry.terraform.io/civo/civo\"]",
      "instances": [
        {
          "schema_version": 0,
          "attributes": {
            "filter": [
              {
                "all": false,
                "key": "name",
                "match_by": "re",
                "values": [
                  "g4s.kube.large"
                ]
              }
            ],
            "id": "terraform-20230409154443951000000001",
            "sizes": [
              {
                "cpu": 4,
                "description": "Large - Standard",
                "disk": 60,
                "name": "g4s.kube.large",
                "ram": 8192,
                "selectable": true,
                "type": "kubernetes"
              }
            ],
            "sort": null
          },
          "sensitive_attributes": []
        }
      ]
    },
    {
      "mode": "managed",
      "type": "civo_firewall",
      "name": "public_firewall",
      "provider": "provider[\"registry.terraform.io/civo/civo\"]",
      "instances": [
        {
          "schema_version": 0,
          "attributes": {
            "create_default_rules": true,
            "egress_rule": [
              {
                "action": "allow",
                "cidr": [
                  "0.0.0.0/0"
                ],
                "id": "571e4196-9409-4fe3-ba0d-1a105579256b",
                "label": "egress-all",
                "port_range": "1-65535",
                "protocol": "tcp"
              }
            ],
            "id": "5e5e9429-1cdd-4e87-a9a4-c719e94153cf",
            "ingress_rule": [
              {
                "action": "allow",
                "cidr": [
                  "0.0.0.0/0"
                ],
                "id": "4d20a9b9-1124-45f4-a010-b5b417b01bc5",
                "label": "All UDP ports open",
                "port_range": "1-65535",
                "protocol": "udp"
              },
              {
                "action": "allow",
                "cidr": [
                  "0.0.0.0/0"
                ],
                "id": "71e882d5-6424-41e6-aa4a-c6225eb27505",
                "label": "Ping/traceroute",
                "port_range": "",
                "protocol": "icmp"
              },
              {
                "action": "allow",
                "cidr": [
                  "0.0.0.0/0"
                ],
                "id": "c833151b-d537-408d-8ed5-6ca53e6d92fe",
                "label": "All TCP ports open",
                "port_range": "1-65535",
                "protocol": "tcp"
              }
            ],
            "name": "public_firewall",
            "network_id": "54f50408-b919-4c2e-89cb-ab1c5855b231",
            "region": "FRA1"
          },
          "sensitive_attributes": [],
          "private": "bnVsbA==",
          "dependencies": [
            "civo_network.main_network"
          ]
        }
      ]
    },
    {
      "mode": "managed",
      "type": "civo_kubernetes_cluster",
      "name": "main_cluster",
      "provider": "provider[\"registry.terraform.io/civo/civo\"]",
      "instances": [
        {
          "schema_version": 0,
          "attributes": {
            "api_endpoint": "https://74.220.26.57:6443",
            "applications": "",
            "cluster_type": "talos",
            "cni": "flannel",
            "created_at": "2023-04-09 15:44:57 +0000 UTC",
            "dns_entry": "6c86a3e7-710f-4016-bb8e-d535b141ab31.k8s.civo.com",
            "firewall_id": "5e5e9429-1cdd-4e87-a9a4-c719e94153cf",
            "id": "6c86a3e7-710f-4016-bb8e-d535b141ab31",
            "installed_applications": [],
            "kubeconfig": "apiVersion: v1\nkind: Config\nclusters:\n- name: main-cluster-85b1-ccc031\n  cluster:\n    server: https://74.220.26.57:6443\n    certificate-authority-data: LS0tLS1CRUdJTiBDRVJUSUZJQ0FURS0tLS0tCk1JSUJpekNDQVRDZ0F3SUJBZ0lSQUlFSVJEY1BJdEF6NjlvdE1mdm9xUmd3Q2dZSUtvWkl6ajBFQXdJd0ZURVQKTUJFR0ExVUVDaE1LYTNWaVpYSnVaWFJsY3pBZUZ3MHlNekEwTURreE5UUTBOVGRhRncwek16QTBNRFl4TlRRMApOVGRhTUJVeEV6QVJCZ05WQkFvVENtdDFZbVZ5Ym1WMFpYTXdXVEFUQmdjcWhrak9QUUlCQmdncWhrak9QUU1CCkJ3TkNBQVI0RGtibnp5dUlBUW9lMkphMmxBQ1RzVCtpUkdpbVl6bnk1QnFYZVFxVUtFbkZnejhnUmR2S0RRWE4KbVpGYmdEc1R4WXBrZVNvai9iOGJKMFI1Um1xTG8yRXdYekFPQmdOVkhROEJBZjhFQkFNQ0FvUXdIUVlEVlIwbApCQll3RkFZSUt3WUJCUVVIQXdFR0NDc0dBUVVGQndNQ01BOEdBMVVkRXdFQi93UUZNQU1CQWY4d0hRWURWUjBPCkJCWUVGTmpMcjRzOFBYanZuazNlUEowZk9QQ3VXMmhiTUFvR0NDcUdTTTQ5QkFNQ0Ewa0FNRVlDSVFEUVZPb0wKS05Yc2hYR1JLSGp5NE5KcUVrSjU5MXZTaGV2UndabFY4VTdVcHdJaEFNM0pQRFlzY0YyUVNtVXlWWnRlbW5SegpsdTZHa3dERkdPZ0xIVGRIeXRVVwotLS0tLUVORCBDRVJUSUZJQ0FURS0tLS0tCg==\nusers:\n- name: admin@main-cluster-85b1-ccc031\n  user:\n    client-certificate-data: LS0tLS1CRUdJTiBDRVJUSUZJQ0FURS0tLS0tCk1JSUJoVENDQVN1Z0F3SUJBZ0lSQUxsNjNjdldrd1hhdU8rQ2xVOG9XbHd3Q2dZSUtvWkl6ajBFQXdJd0ZURVQKTUJFR0ExVUVDaE1LYTNWaVpYSnVaWFJsY3pBZUZ3MHlNekEwTURreE5UUTJNRGRhRncweU5EQTBNRGd4TlRRMgpNRGRhTUNreEZ6QVZCZ05WQkFvVERuTjVjM1JsYlRwdFlYTjBaWEp6TVE0d0RBWURWUVFERXdWaFpHMXBiakJaCk1CTUdCeXFHU000OUFnRUdDQ3FHU000OUF3RUhBMElBQkd4LzFHb1hsMmszRktCekdoQURXRkVSZ1h4aEFEVnMKczZGSWxyUVVkc0NaY3RYTkZOOW9FeklZVGkwYXc4RnVGenBYWU11NG5jNkdlODZCOEp0NmdGQ2pTREJHTUE0RwpBMVVkRHdFQi93UUVBd0lGb0RBVEJnTlZIU1VFRERBS0JnZ3JCZ0VGQlFjREFqQWZCZ05WSFNNRUdEQVdnQlRZCnk2K0xQRDE0NzU1TjNqeWRIemp3cmx0b1d6QUtCZ2dxaGtqT1BRUURBZ05JQURCRkFpRUF6R0VrelVMR0llZkUKTkRNWkJYTmxRczhRZHlzbVZsNHZTSHFXMmIwZnNkZ0NJRExYU1Z0M1lCc2dRUFU2alRRZlhlREM4eTQwZlZ0eApEK3ZTMitsblNrZVUKLS0tLS1FTkQgQ0VSVElGSUNBVEUtLS0tLQo=\n    client-key-data: LS0tLS1CRUdJTiBFQyBQUklWQVRFIEtFWS0tLS0tCk1IY0NBUUVFSUJzbkhGSlpyc0FKanlybElFN0kybC9CcnBXWkNrQkt1SnBmUEZSSmZUU3VvQW9HQ0NxR1NNNDkKQXdFSG9VUURRZ0FFYkgvVWFoZVhhVGNVb0hNYUVBTllVUkdCZkdFQU5XeXpvVWlXdEJSMndKbHkxYzBVMzJnVApNaGhPTFJyRHdXNFhPbGRneTdpZHpvWjd6b0h3bTNxQVVBPT0KLS0tLS1FTkQgRUMgUFJJVkFURSBLRVktLS0tLQo=\ncontexts:\n- context:\n    cluster: main-cluster-85b1-ccc031\n    namespace: default\n    user: admin@main-cluster-85b1-ccc031\n  name: admin@main-cluster-85b1-ccc031\ncurrent-context: admin@main-cluster-85b1-ccc031\n",
            "kubernetes_version": "1.25.5",
            "master_ip": "74.220.26.57",
            "name": "main_cluster",
            "network_id": "54f50408-b919-4c2e-89cb-ab1c5855b231",
            "num_target_nodes": 3,
            "pools": [
              {
                "instance_names": [
                  "main-cluster-85b1-ccc031-pool-747b-244a9",
                  "main-cluster-85b1-ccc031-pool-747b-88wiu",
                  "main-cluster-85b1-ccc031-pool-747b-wla66"
                ],
                "label": "back-end",
                "node_count": 3,
                "size": "g4s.kube.large"
              }
            ],
            "ready": true,
            "region": "FRA1",
            "status": "ACTIVE",
            "tags": "",
            "target_nodes_size": "g4s.kube.large",
            "timeouts": null
          },
          "sensitive_attributes": [],
          "private": "eyJlMmJmYjczMC1lY2FhLTExZTYtOGY4OC0zNDM2M2JjN2M0YzAiOnsiY3JlYXRlIjoxODAwMDAwMDAwMDAwLCJkZWxldGUiOjE4MDAwMDAwMDAwMDAsInVwZGF0ZSI6MTgwMDAwMDAwMDAwMH19",
          "dependencies": [
            "civo_firewall.public_firewall",
            "civo_network.main_network",
            "data.civo_size.large"
          ]
        }
      ]
    },
    {
      "mode": "managed",
      "type": "civo_network",
      "name": "main_network",
      "provider": "provider[\"registry.terraform.io/civo/civo\"]",
      "instances": [
        {
          "schema_version": 0,
          "attributes": {
            "default": false,
            "id": "54f50408-b919-4c2e-89cb-ab1c5855b231",
            "label": "main_network",
            "name": "cust-main-network-2e25523a-b5d51673d7d9",
            "region": "FRA1"
          },
          "sensitive_attributes": [],
          "private": "bnVsbA=="
        }
      ]
    },
    {
      "mode": "managed",
      "type": "civo_object_store",
      "name": "bucketstore",
      "provider": "provider[\"registry.terraform.io/civo/civo\"]",
      "instances": [
        {
          "schema_version": 0,
          "attributes": {
            "access_key_id": "V9WNTUH28AOO8U0SUTNM",
            "bucket_url": "objectstore.fra1.civo.com",
            "id": "31bf9e57-24b1-4c53-a9bf-003130b09b93",
            "max_size_gb": 500,
            "name": "bucketstore-server",
            "region": "FRA1",
            "status": "ready",
            "timeouts": null
          },
          "sensitive_attributes": [],
          "private": "eyJlMmJmYjczMC1lY2FhLTExZTYtOGY4OC0zNDM2M2JjN2M0YzAiOnsiY3JlYXRlIjoxODAwMDAwMDAwMDAwfX0="
        }
      ]
    },
    {
      "mode": "managed",
      "type": "civo_reserved_ip",
      "name": "gateway",
      "provider": "provider[\"registry.terraform.io/civo/civo\"]",
      "instances": [
        {
          "schema_version": 0,
          "attributes": {
            "id": "0dd65190-609d-4831-8959-76d2fc817476",
            "ip": "74.220.29.201",
            "name": "public_gateway",
            "region": "FRA1"
          },
          "sensitive_attributes": [],
          "private": "bnVsbA=="
        }
      ]
    }
  ],
  "check_results": null
}
